
Microsoft Visual Studio Solution File, Format Version 12.00
# Visual Studio for Mac
Project("{FAE04EC0-301F-11D3-BF4B-00C04F79EFBC}") = "Assembly-CSharp", "Assembly-CSharp.csproj", "{CEFB160C-F21B-D7C3-3D4D-F7F4232766A0}"
EndProject
Project("{FAE04EC0-301F-11D3-BF4B-00C04F79EFBC}") = "VuforiaScripts", "VuforiaScripts.csproj", "{4F6191E5-84E5-4AEE-6DB8-2E75346C3B6B}"
EndProject
Project("{FAE04EC0-301F-11D3-BF4B-00C04F79EFBC}") = "Assembly-CSharp-Editor", "Assembly-CSharp-Editor.csproj", "{0FC4D18E-9BDA-A535-96B5-55D148BAC7D9}"
EndProject
Project("{FAE04EC0-301F-11D3-BF4B-00C04F79EFBC}") = "VuforiaEditorScripts", "VuforiaEditorScripts.csproj", "{3DB9CAB5-6427-7867-6771-1E1F3D8A000C}"
EndProject
Global
	GlobalSection(SolutionConfigurationPlatforms) = preSolution
		Debug|Any CPU = Debug|Any CPU
		Release|Any CPU = Release|Any CPU
	EndGlobalSection
	GlobalSection(ProjectConfigurationPlatforms) = postSolution
		{CEFB160C-F21B-D7C3-3D4D-F7F4232766A0}.Debug|Any CPU.ActiveCfg = Debug|Any CPU
		{CEFB160C-F21B-D7C3-3D4D-F7F4232766A0}.Debug|Any CPU.Build.0 = Debug|Any CPU
		{CEFB160C-F21B-D7C3-3D4D-F7F4232766A0}.Release|Any CPU.ActiveCfg = Release|Any CPU
		{CEFB160C-F21B-D7C3-3D4D-F7F4232766A0}.Release|Any CPU.Build.0 = Release|Any CPU
		{4F6191E5-84E5-4AEE-6DB8-2E75346C3B6B}.Debug|Any CPU.ActiveCfg = Debug|Any CPU
		{4F6191E5-84E5-4AEE-6DB8-2E75346C3B6B}.Debug|Any CPU.Build.0 = Debug|Any CPU
		{4F6191E5-84E5-4AEE-6DB8-2E75346C3B6B}.Release|Any CPU.ActiveCfg = Release|Any CPU
		{4F6191E5-84E5-4AEE-6DB8-2E75346C3B6B}.Release|Any CPU.Build.0 = Release|Any CPU
		{0FC4D18E-9BDA-A535-96B5-55D148BAC7D9}.Debug|Any CPU.ActiveCfg = Debug|Any CPU
		{0FC4D18E-9BDA-A535-96B5-55D148BAC7D9}.Debug|Any CPU.Build.0 = Debug|Any CPU
		{0FC4D18E-9BDA-A535-96B5-55D148BAC7D9}.Release|Any CPU.ActiveCfg = Release|Any CPU
		{0FC4D18E-9BDA-A535-96B5-55D148BAC7D9}.Release|Any CPU.Build.0 = Release|Any CPU
		{3DB9CAB5-6427-7867-6771-1E1F3D8A000C}.Debug|Any CPU.ActiveCfg = Debug|Any CPU
		{3DB9CAB5-6427-7867-6771-1E1F3D8A000C}.Debug|Any CPU.Build.0 = Debug|Any CPU
		{3DB9CAB5-6427-7867-6771-1E1F3D8A000C}.Release|Any CPU.ActiveCfg = Release|Any CPU
		{3DB9CAB5-6427-7867-6771-1E1F3D8A000C}.Release|Any CPU.Build.0 = Release|Any CPU
	EndGlobalSection
	GlobalSection(SolutionProperties) = preSolution
		HideSolutionNode = FALSE
	EndGlobalSection
EndGlobal
